// !$*UTF8*$!
{
	archiveVersion = 1;
	classes = {
	};
	objectVersion = 56;
	objects = {

/* Begin PBXBuildFile section */
		ED74248A2D9908530087968B /* AddCardSheet.swift in Sources */ = {isa = PBXBuildFile; fileRef = ED7424892D9908530087968B /* AddCardSheet.swift */; };
		ED74248D2D99992E0087968B /* ColorExtension.swift in Sources */ = {isa = PBXBuildFile; fileRef = ED74248C2D99992E0087968B /* ColorExtension.swift */; };
		EDA7F7C62D9847FD004C7873 /* FlashPulseApp.swift in Sources */ = {isa = PBXBuildFile; fileRef = EDA7F7C52D9847FD004C7873 /* FlashPulseApp.swift */; };
		EDA7F7C82D9847FD004C7873 /* MainView.swift in Sources */ = {isa = PBXBuildFile; fileRef = EDA7F7C72D9847FD004C7873 /* MainView.swift */; };
		EDA7F7CA2D9847FD004C7873 /* Card.swift in Sources */ = {isa = PBXBuildFile; fileRef = EDA7F7C92D9847FD004C7873 /* Card.swift */; };
		EDA7F7CC2D9847FF004C7873 /* Assets.xcassets in Resources */ = {isa = PBXBuildFile; fileRef = EDA7F7CB2D9847FF004C7873 /* Assets.xcassets */; };
		EDA7F7CF2D9847FF004C7873 /* Preview Assets.xcassets in Resources */ = {isa = PBXBuildFile; fileRef = EDA7F7CE2D9847FF004C7873 /* Preview Assets.xcassets */; };
		EDA7F7D62D984B4E004C7873 /* Topic.swift in Sources */ = {isa = PBXBuildFile; fileRef = EDA7F7D52D984B4E004C7873 /* Topic.swift */; };
		EDA7F7D82D98526E004C7873 /* TopicView.swift in Sources */ = {isa = PBXBuildFile; fileRef = EDA7F7D72D98526E004C7873 /* TopicView.swift */; };
		EDA7F7DD2D9862FA004C7873 /* TopicCell.swift in Sources */ = {isa = PBXBuildFile; fileRef = EDA7F7DC2D9862FA004C7873 /* TopicCell.swift */; };
		EDA7F7E12D986A5F004C7873 /* TopicsTab.swift in Sources */ = {isa = PBXBuildFile; fileRef = EDA7F7E02D986A5F004C7873 /* TopicsTab.swift */; };
		EDA7F7E32D986A9E004C7873 /* Tabs.swift in Sources */ = {isa = PBXBuildFile; fileRef = EDA7F7E22D986A9E004C7873 /* Tabs.swift */; };
		EDA7F7E52D986B6A004C7873 /* StatsTab.swift in Sources */ = {isa = PBXBuildFile; fileRef = EDA7F7E42D986B6A004C7873 /* StatsTab.swift */; };
		EDA7F7E72D98724D004C7873 /* TopicDataPoint.swift in Sources */ = {isa = PBXBuildFile; fileRef = EDA7F7E62D98724D004C7873 /* TopicDataPoint.swift */; };
		EDDB96032D9CEDBB00AE44E7 /* CardView.swift in Sources */ = {isa = PBXBuildFile; fileRef = EDDB96022D9CEDBB00AE44E7 /* CardView.swift */; };
		EDDB96072D9CF27400AE44E7 /* QuizView.swift in Sources */ = {isa = PBXBuildFile; fileRef = EDDB96062D9CF27400AE44E7 /* QuizView.swift */; };
/* End PBXBuildFile section */

/* Begin PBXFileReference section */
		ED7424892D9908530087968B /* AddCardSheet.swift */ = {isa = PBXFileReference; lastKnownFileType = sourcecode.swift; path = AddCardSheet.swift; sourceTree = "<group>"; };
		ED74248C2D99992E0087968B /* ColorExtension.swift */ = {isa = PBXFileReference; lastKnownFileType = sourcecode.swift; path = ColorExtension.swift; sourceTree = "<group>"; };
		EDA7F7C22D9847FD004C7873 /* FlashPulse.app */ = {isa = PBXFileReference; explicitFileType = wrapper.application; includeInIndex = 0; path = FlashPulse.app; sourceTree = BUILT_PRODUCTS_DIR; };
		EDA7F7C52D9847FD004C7873 /* FlashPulseApp.swift */ = {isa = PBXFileReference; lastKnownFileType = sourcecode.swift; path = FlashPulseApp.swift; sourceTree = "<group>"; };
		EDA7F7C72D9847FD004C7873 /* MainView.swift */ = {isa = PBXFileReference; lastKnownFileType = sourcecode.swift; path = MainView.swift; sourceTree = "<group>"; };
		EDA7F7C92D9847FD004C7873 /* Card.swift */ = {isa = PBXFileReference; lastKnownFileType = sourcecode.swift; path = Card.swift; sourceTree = "<group>"; };
		EDA7F7CB2D9847FF004C7873 /* Assets.xcassets */ = {isa = PBXFileReference; lastKnownFileType = folder.assetcatalog; path = Assets.xcassets; sourceTree = "<group>"; };
		EDA7F7CE2D9847FF004C7873 /* Preview Assets.xcassets */ = {isa = PBXFileReference; lastKnownFileType = folder.assetcatalog; path = "Preview Assets.xcassets"; sourceTree = "<group>"; };
		EDA7F7D52D984B4E004C7873 /* Topic.swift */ = {isa = PBXFileReference; lastKnownFileType = sourcecode.swift; path = Topic.swift; sourceTree = "<group>"; };
		EDA7F7D72D98526E004C7873 /* TopicView.swift */ = {isa = PBXFileReference; lastKnownFileType = sourcecode.swift; path = TopicView.swift; sourceTree = "<group>"; };
		EDA7F7DC2D9862FA004C7873 /* TopicCell.swift */ = {isa = PBXFileReference; lastKnownFileType = sourcecode.swift; path = TopicCell.swift; sourceTree = "<group>"; };
		EDA7F7E02D986A5F004C7873 /* TopicsTab.swift */ = {isa = PBXFileReference; lastKnownFileType = sourcecode.swift; path = TopicsTab.swift; sourceTree = "<group>"; };
		EDA7F7E22D986A9E004C7873 /* Tabs.swift */ = {isa = PBXFileReference; lastKnownFileType = sourcecode.swift; path = Tabs.swift; sourceTree = "<group>"; };
		EDA7F7E42D986B6A004C7873 /* StatsTab.swift */ = {isa = PBXFileReference; lastKnownFileType = sourcecode.swift; path = StatsTab.swift; sourceTree = "<group>"; };
		EDA7F7E62D98724D004C7873 /* TopicDataPoint.swift */ = {isa = PBXFileReference; lastKnownFileType = sourcecode.swift; path = TopicDataPoint.swift; sourceTree = "<group>"; };
		EDDB96022D9CEDBB00AE44E7 /* CardView.swift */ = {isa = PBXFileReference; lastKnownFileType = sourcecode.swift; path = CardView.swift; sourceTree = "<group>"; };
		EDDB96062D9CF27400AE44E7 /* QuizView.swift */ = {isa = PBXFileReference; lastKnownFileType = sourcecode.swift; path = QuizView.swift; sourceTree = "<group>"; };
/* End PBXFileReference section */

/* Begin PBXFrameworksBuildPhase section */
		EDA7F7BF2D9847FD004C7873 /* Frameworks */ = {
			isa = PBXFrameworksBuildPhase;
			buildActionMask = 2147483647;
			files = (
			);
			runOnlyForDeploymentPostprocessing = 0;
		};
/* End PBXFrameworksBuildPhase section */

/* Begin PBXGroup section */
		ED74248B2D9999170087968B /* Extensions */ = {
			isa = PBXGroup;
			children = (
				ED74248C2D99992E0087968B /* ColorExtension.swift */,
			);
			path = Extensions;
			sourceTree = "<group>";
		};
		ED7424902D99ADA80087968B /* View Model */ = {
			isa = PBXGroup;
			children = (
			);
			path = "View Model";
			sourceTree = "<group>";
		};
		EDA7F7B92D9847FD004C7873 = {
			isa = PBXGroup;
			children = (
				EDA7F7C42D9847FD004C7873 /* FlashPulse */,
				EDA7F7C32D9847FD004C7873 /* Products */,
			);
			sourceTree = "<group>";
		};
		EDA7F7C32D9847FD004C7873 /* Products */ = {
			isa = PBXGroup;
			children = (
				EDA7F7C22D9847FD004C7873 /* FlashPulse.app */,
			);
			name = Products;
			sourceTree = "<group>";
		};
		EDA7F7C42D9847FD004C7873 /* FlashPulse */ = {
			isa = PBXGroup;
			children = (
				EDA7F7C52D9847FD004C7873 /* FlashPulseApp.swift */,
				EDA7F7DA2D9853B0004C7873 /* View */,
				EDA7F7D92D9853A6004C7873 /* Model */,
				ED7424902D99ADA80087968B /* View Model */,
				ED74248B2D9999170087968B /* Extensions */,
				EDA7F7DB2D9853CB004C7873 /* ViewModel */,
				EDA7F7CB2D9847FF004C7873 /* Assets.xcassets */,
				EDA7F7CD2D9847FF004C7873 /* Preview Content */,
			);
			path = FlashPulse;
			sourceTree = "<group>";
		};
		EDA7F7CD2D9847FF004C7873 /* Preview Content */ = {
			isa = PBXGroup;
			children = (
				EDA7F7CE2D9847FF004C7873 /* Preview Assets.xcassets */,
			);
			path = "Preview Content";
			sourceTree = "<group>";
		};
		EDA7F7D92D9853A6004C7873 /* Model */ = {
			isa = PBXGroup;
			children = (
				EDA7F7D52D984B4E004C7873 /* Topic.swift */,
				EDA7F7C92D9847FD004C7873 /* Card.swift */,
				EDA7F7E62D98724D004C7873 /* TopicDataPoint.swift */,
				EDA7F7E22D986A9E004C7873 /* Tabs.swift */,
			);
			path = Model;
			sourceTree = "<group>";
		};
		EDA7F7DA2D9853B0004C7873 /* View */ = {
			isa = PBXGroup;
			children = (
				EDA7F7C72D9847FD004C7873 /* MainView.swift */,
				EDA7F7E82D987B66004C7873 /* Topics Tab */,
				EDA7F7E92D987B6F004C7873 /* Stats Tab */,
			);
			path = View;
			sourceTree = "<group>";
		};
		EDA7F7DB2D9853CB004C7873 /* ViewModel */ = {
			isa = PBXGroup;
			children = (
			);
			path = ViewModel;
			sourceTree = "<group>";
		};
		EDA7F7E82D987B66004C7873 /* Topics Tab */ = {
			isa = PBXGroup;
			children = (
				EDA7F7E02D986A5F004C7873 /* TopicsTab.swift */,
				EDA7F7DC2D9862FA004C7873 /* TopicCell.swift */,
				EDDB96052D9CF25E00AE44E7 /* Topic View */,
			);
			path = "Topics Tab";
			sourceTree = "<group>";
		};
		EDA7F7E92D987B6F004C7873 /* Stats Tab */ = {
			isa = PBXGroup;
			children = (
				EDA7F7E42D986B6A004C7873 /* StatsTab.swift */,
			);
			path = "Stats Tab";
			sourceTree = "<group>";
		};
		EDDB96052D9CF25E00AE44E7 /* Topic View */ = {
			isa = PBXGroup;
			children = (
				EDA7F7D72D98526E004C7873 /* TopicView.swift */,
				EDDB96022D9CEDBB00AE44E7 /* CardView.swift */,
				EDDB96062D9CF27400AE44E7 /* QuizView.swift */,
				ED7424892D9908530087968B /* AddCardSheet.swift */,
			);
			path = "Topic View";
			sourceTree = "<group>";
		};
/* End PBXGroup section */

/* Begin PBXNativeTarget section */
		EDA7F7C12D9847FD004C7873 /* FlashPulse */ = {
			isa = PBXNativeTarget;
			buildConfigurationList = EDA7F7D22D9847FF004C7873 /* Build configuration list for PBXNativeTarget "FlashPulse" */;
			buildPhases = (
				EDA7F7BE2D9847FD004C7873 /* Sources */,
				EDA7F7BF2D9847FD004C7873 /* Frameworks */,
				EDA7F7C02D9847FD004C7873 /* Resources */,
			);
			buildRules = (
			);
			dependencies = (
			);
			name = FlashPulse;
			productName = FlashPulse;
			productReference = EDA7F7C22D9847FD004C7873 /* FlashPulse.app */;
			productType = "com.apple.product-type.application";
		};
/* End PBXNativeTarget section */

/* Begin PBXProject section */
		EDA7F7BA2D9847FD004C7873 /* Project object */ = {
			isa = PBXProject;
			attributes = {
				BuildIndependentTargetsInParallel = 1;
				LastSwiftUpdateCheck = 1530;
				LastUpgradeCheck = 1530;
				TargetAttributes = {
					EDA7F7C12D9847FD004C7873 = {
						CreatedOnToolsVersion = 15.3;
					};
				};
			};
			buildConfigurationList = EDA7F7BD2D9847FD004C7873 /* Build configuration list for PBXProject "FlashPulse" */;
			compatibilityVersion = "Xcode 14.0";
			developmentRegion = en;
			hasScannedForEncodings = 0;
			knownRegions = (
				en,
				Base,
			);
			mainGroup = EDA7F7B92D9847FD004C7873;
			productRefGroup = EDA7F7C32D9847FD004C7873 /* Products */;
			projectDirPath = "";
			projectRoot = "";
			targets = (
				EDA7F7C12D9847FD004C7873 /* FlashPulse */,
			);
		};
/* End PBXProject section */

/* Begin PBXResourcesBuildPhase section */
		EDA7F7C02D9847FD004C7873 /* Resources */ = {
			isa = PBXResourcesBuildPhase;
			buildActionMask = 2147483647;
			files = (
				EDA7F7CF2D9847FF004C7873 /* Preview Assets.xcassets in Resources */,
				EDA7F7CC2D9847FF004C7873 /* Assets.xcassets in Resources */,
			);
			runOnlyForDeploymentPostprocessing = 0;
		};
/* End PBXResourcesBuildPhase section */

/* Begin PBXSourcesBuildPhase section */
		EDA7F7BE2D9847FD004C7873 /* Sources */ = {
			isa = PBXSourcesBuildPhase;
			buildActionMask = 2147483647;
			files = (
				EDA7F7C82D9847FD004C7873 /* MainView.swift in Sources */,
				EDA7F7D62D984B4E004C7873 /* Topic.swift in Sources */,
				EDA7F7DD2D9862FA004C7873 /* TopicCell.swift in Sources */,
				ED74248D2D99992E0087968B /* ColorExtension.swift in Sources */,
				EDA7F7E12D986A5F004C7873 /* TopicsTab.swift in Sources */,
				EDA7F7CA2D9847FD004C7873 /* Card.swift in Sources */,
				EDA7F7C62D9847FD004C7873 /* FlashPulseApp.swift in Sources */,
				EDDB96032D9CEDBB00AE44E7 /* CardView.swift in Sources */,
				EDA7F7D82D98526E004C7873 /* TopicView.swift in Sources */,
				EDA7F7E72D98724D004C7873 /* TopicDataPoint.swift in Sources */,
				ED74248A2D9908530087968B /* AddCardSheet.swift in Sources */,
				EDDB96072D9CF27400AE44E7 /* QuizView.swift in Sources */,
				EDA7F7E32D986A9E004C7873 /* Tabs.swift in Sources */,
				EDA7F7E52D986B6A004C7873 /* StatsTab.swift in Sources */,
			);
			runOnlyForDeploymentPostprocessing = 0;
		};
/* End PBXSourcesBuildPhase section */

/* Begin XCBuildConfiguration section */
		EDA7F7D02D9847FF004C7873 /* Debug */ = {
			isa = XCBuildConfiguration;
			buildSettings = {
				ALWAYS_SEARCH_USER_PATHS = NO;
				ASSETCATALOG_COMPILER_GENERATE_SWIFT_ASSET_SYMBOL_EXTENSIONS = YES;
				CLANG_ANALYZER_NONNULL = YES;
				CLANG_ANALYZER_NUMBER_OBJECT_CONVERSION = YES_AGGRESSIVE;
				CLANG_CXX_LANGUAGE_STANDARD = "gnu++20";
				CLANG_ENABLE_MODULES = YES;
				CLANG_ENABLE_OBJC_ARC = YES;
				CLANG_ENABLE_OBJC_WEAK = YES;
				CLANG_WARN_BLOCK_CAPTURE_AUTORELEASING = YES;
				CLANG_WARN_BOOL_CONVERSION = YES;
				CLANG_WARN_COMMA = YES;
				CLANG_WARN_CONSTANT_CONVERSION = YES;
				CLANG_WARN_DEPRECATED_OBJC_IMPLEMENTATIONS = YES;
				CLANG_WARN_DIRECT_OBJC_ISA_USAGE = YES_ERROR;
				CLANG_WARN_DOCUMENTATION_COMMENTS = YES;
				CLANG_WARN_EMPTY_BODY = YES;
				CLANG_WARN_ENUM_CONVERSION = YES;
				CLANG_WARN_INFINITE_RECURSION = YES;
				CLANG_WARN_INT_CONVERSION = YES;
				CLANG_WARN_NON_LITERAL_NULL_CONVERSION = YES;
				CLANG_WARN_OBJC_IMPLICIT_RETAIN_SELF = YES;
				CLANG_WARN_OBJC_LITERAL_CONVERSION = YES;
				CLANG_WARN_OBJC_ROOT_CLASS = YES_ERROR;
				CLANG_WARN_QUOTED_INCLUDE_IN_FRAMEWORK_HEADER = YES;
				CLANG_WARN_RANGE_LOOP_ANALYSIS = YES;
				CLANG_WARN_STRICT_PROTOTYPES = YES;
				CLANG_WARN_SUSPICIOUS_MOVE = YES;
				CLANG_WARN_UNGUARDED_AVAILABILITY = YES_AGGRESSIVE;
				CLANG_WARN_UNREACHABLE_CODE = YES;
				CLANG_WARN__DUPLICATE_METHOD_MATCH = YES;
				COPY_PHASE_STRIP = NO;
				DEBUG_INFORMATION_FORMAT = dwarf;
				ENABLE_STRICT_OBJC_MSGSEND = YES;
				ENABLE_TESTABILITY = YES;
				ENABLE_USER_SCRIPT_SANDBOXING = YES;
				GCC_C_LANGUAGE_STANDARD = gnu17;
				GCC_DYNAMIC_NO_PIC = NO;
				GCC_NO_COMMON_BLOCKS = YES;
				GCC_OPTIMIZATION_LEVEL = 0;
				GCC_PREPROCESSOR_DEFINITIONS = (
					"DEBUG=1",
					"$(inherited)",
				);
				GCC_WARN_64_TO_32_BIT_CONVERSION = YES;
				GCC_WARN_ABOUT_RETURN_TYPE = YES_ERROR;
				GCC_WARN_UNDECLARED_SELECTOR = YES;
				GCC_WARN_UNINITIALIZED_AUTOS = YES_AGGRESSIVE;
				GCC_WARN_UNUSED_FUNCTION = YES;
				GCC_WARN_UNUSED_VARIABLE = YES;
				IPHONEOS_DEPLOYMENT_TARGET = 17.4;
				LOCALIZATION_PREFERS_STRING_CATALOGS = YES;
				MTL_ENABLE_DEBUG_INFO = INCLUDE_SOURCE;
				MTL_FAST_MATH = YES;
				ONLY_ACTIVE_ARCH = YES;
				SDKROOT = iphoneos;
				SWIFT_ACTIVE_COMPILATION_CONDITIONS = "DEBUG $(inherited)";
				SWIFT_OPTIMIZATION_LEVEL = "-Onone";
			};
			name = Debug;
		};
		EDA7F7D12D9847FF004C7873 /* Release */ = {
			isa = XCBuildConfiguration;
			buildSettings = {
				ALWAYS_SEARCH_USER_PATHS = NO;
				ASSETCATALOG_COMPILER_GENERATE_SWIFT_ASSET_SYMBOL_EXTENSIONS = YES;
				CLANG_ANALYZER_NONNULL = YES;
				CLANG_ANALYZER_NUMBER_OBJECT_CONVERSION = YES_AGGRESSIVE;
				CLANG_CXX_LANGUAGE_STANDARD = "gnu++20";
				CLANG_ENABLE_MODULES = YES;
				CLANG_ENABLE_OBJC_ARC = YES;
				CLANG_ENABLE_OBJC_WEAK = YES;
				CLANG_WARN_BLOCK_CAPTURE_AUTORELEASING = YES;
				CLANG_WARN_BOOL_CONVERSION = YES;
				CLANG_WARN_COMMA = YES;
				CLANG_WARN_CONSTANT_CONVERSION = YES;
				CLANG_WARN_DEPRECATED_OBJC_IMPLEMENTATIONS = YES;
				CLANG_WARN_DIRECT_OBJC_ISA_USAGE = YES_ERROR;
				CLANG_WARN_DOCUMENTATION_COMMENTS = YES;
				CLANG_WARN_EMPTY_BODY = YES;
				CLANG_WARN_ENUM_CONVERSION = YES;
				CLANG_WARN_INFINITE_RECURSION = YES;
				CLANG_WARN_INT_CONVERSION = YES;
				CLANG_WARN_NON_LITERAL_NULL_CONVERSION = YES;
				CLANG_WARN_OBJC_IMPLICIT_RETAIN_SELF = YES;
				CLANG_WARN_OBJC_LITERAL_CONVERSION = YES;
				CLANG_WARN_OBJC_ROOT_CLASS = YES_ERROR;
				CLANG_WARN_QUOTED_INCLUDE_IN_FRAMEWORK_HEADER = YES;
				CLANG_WARN_RANGE_LOOP_ANALYSIS = YES;
				CLANG_WARN_STRICT_PROTOTYPES = YES;
				CLANG_WARN_SUSPICIOUS_MOVE = YES;
				CLANG_WARN_UNGUARDED_AVAILABILITY = YES_AGGRESSIVE;
				CLANG_WARN_UNREACHABLE_CODE = YES;
				CLANG_WARN__DUPLICATE_METHOD_MATCH = YES;
				COPY_PHASE_STRIP = NO;
				DEBUG_INFORMATION_FORMAT = "dwarf-with-dsym";
				ENABLE_NS_ASSERTIONS = NO;
				ENABLE_STRICT_OBJC_MSGSEND = YES;
				ENABLE_USER_SCRIPT_SANDBOXING = YES;
				GCC_C_LANGUAGE_STANDARD = gnu17;
				GCC_NO_COMMON_BLOCKS = YES;
				GCC_WARN_64_TO_32_BIT_CONVERSION = YES;
				GCC_WARN_ABOUT_RETURN_TYPE = YES_ERROR;
				GCC_WARN_UNDECLARED_SELECTOR = YES;
				GCC_WARN_UNINITIALIZED_AUTOS = YES_AGGRESSIVE;
				GCC_WARN_UNUSED_FUNCTION = YES;
				GCC_WARN_UNUSED_VARIABLE = YES;
				IPHONEOS_DEPLOYMENT_TARGET = 17.4;
				LOCALIZATION_PREFERS_STRING_CATALOGS = YES;
				MTL_ENABLE_DEBUG_INFO = NO;
				MTL_FAST_MATH = YES;
				SDKROOT = iphoneos;
				SWIFT_COMPILATION_MODE = wholemodule;
				VALIDATE_PRODUCT = YES;
			};
			name = Release;
		};
		EDA7F7D32D9847FF004C7873 /* Debug */ = {
			isa = XCBuildConfiguration;
			buildSettings = {
				ASSETCATALOG_COMPILER_APPICON_NAME = AppIcon;
				ASSETCATALOG_COMPILER_GLOBAL_ACCENT_COLOR_NAME = AccentColor;
				CODE_SIGN_STYLE = Automatic;
				CURRENT_PROJECT_VERSION = 1;
				DEVELOPMENT_ASSET_PATHS = "\"FlashPulse/Preview Content\"";
				DEVELOPMENT_TEAM = ZXJ69DSW3S;
				ENABLE_PREVIEWS = YES;
				GENERATE_INFOPLIST_FILE = YES;
				INFOPLIST_KEY_UIApplicationSceneManifest_Generation = YES;
				INFOPLIST_KEY_UIApplicationSupportsIndirectInputEvents = YES;
				INFOPLIST_KEY_UILaunchScreen_Generation = YES;
				INFOPLIST_KEY_UISupportedInterfaceOrientations_iPad = "UIInterfaceOrientationPortrait UIInterfaceOrientationPortraitUpsideDown UIInterfaceOrientationLandscapeLeft UIInterfaceOrientationLandscapeRight";
				INFOPLIST_KEY_UISupportedInterfaceOrientations_iPhone = "UIInterfaceOrientationPortrait UIInterfaceOrientationLandscapeLeft UIInterfaceOrientationLandscapeRight";
				IPHONEOS_DEPLOYMENT_TARGET = 18.0;
				LD_RUNPATH_SEARCH_PATHS = (
					"$(inherited)",
					"@executable_path/Frameworks",
				);
				MARKETING_VERSION = 1.0;
				PRODUCT_BUNDLE_IDENTIFIER = com.derekwang.FlashPulse;
				PRODUCT_NAME = "$(TARGET_NAME)";
				SWIFT_EMIT_LOC_STRINGS = YES;
				SWIFT_VERSION = 5.0;
				TARGETED_DEVICE_FAMILY = "1,2";
			};
			name = Debug;
		};
		EDA7F7D42D9847FF004C7873 /* Release */ = {
			isa = XCBuildConfiguration;
			buildSettings = {
				ASSETCATALOG_COMPILER_APPICON_NAME = AppIcon;
				ASSETCATALOG_COMPILER_GLOBAL_ACCENT_COLOR_NAME = AccentColor;
				CODE_SIGN_STYLE = Automatic;
				CURRENT_PROJECT_VERSION = 1;
				DEVELOPMENT_ASSET_PATHS = "\"FlashPulse/Preview Content\"";
				DEVELOPMENT_TEAM = ZXJ69DSW3S;
				ENABLE_PREVIEWS = YES;
				GENERATE_INFOPLIST_FILE = YES;
				INFOPLIST_KEY_UIApplicationSceneManifest_Generation = YES;
				INFOPLIST_KEY_UIApplicationSupportsIndirectInputEvents = YES;
				INFOPLIST_KEY_UILaunchScreen_Generation = YES;
				INFOPLIST_KEY_UISupportedInterfaceOrientations_iPad = "UIInterfaceOrientationPortrait UIInterfaceOrientationPortraitUpsideDown UIInterfaceOrientationLandscapeLeft UIInterfaceOrientationLandscapeRight";
				INFOPLIST_KEY_UISupportedInterfaceOrientations_iPhone = "UIInterfaceOrientationPortrait UIInterfaceOrientationLandscapeLeft UIInterfaceOrientationLandscapeRight";
				IPHONEOS_DEPLOYMENT_TARGET = 18.0;
				LD_RUNPATH_SEARCH_PATHS = (
					"$(inherited)",
					"@executable_path/Frameworks",
				);
				MARKETING_VERSION = 1.0;
				PRODUCT_BUNDLE_IDENTIFIER = com.derekwang.FlashPulse;
				PRODUCT_NAME = "$(TARGET_NAME)";
				SWIFT_EMIT_LOC_STRINGS = YES;
				SWIFT_VERSION = 5.0;
				TARGETED_DEVICE_FAMILY = "1,2";
			};
			name = Release;
		};
/* End XCBuildConfiguration section */

/* Begin XCConfigurationList section */
		EDA7F7BD2D9847FD004C7873 /* Build configuration list for PBXProject "FlashPulse" */ = {
			isa = XCConfigurationList;
			buildConfigurations = (
				EDA7F7D02D9847FF004C7873 /* Debug */,
				EDA7F7D12D9847FF004C7873 /* Release */,
			);
			defaultConfigurationIsVisible = 0;
			defaultConfigurationName = Release;
		};
		EDA7F7D22D9847FF004C7873 /* Build configuration list for PBXNativeTarget "FlashPulse" */ = {
			isa = XCConfigurationList;
			buildConfigurations = (
				EDA7F7D32D9847FF004C7873 /* Debug */,
				EDA7F7D42D9847FF004C7873 /* Release */,
			);
			defaultConfigurationIsVisible = 0;
			defaultConfigurationName = Release;
		};
/* End XCConfigurationList section */
	};
	rootObject = EDA7F7BA2D9847FD004C7873 /* Project object */;
}
